PODS:
  - Anchorage (4.2.1)
  - BonMot (5.0.1)
  - Reinstate (0.1.0)
  - Sourcery (0.10.1)
  - SwiftGen (5.3.0)
  - SwiftLint (0.25.0)

DEPENDENCIES:
  - Anchorage
  - BonMot
  - Reinstate
  - Sourcery
  - SwiftGen
  - SwiftLint

SPEC CHECKSUMS:
  Anchorage: f4dbf32771115b8ef9c9cc4e55a002ad87711f48
  BonMot: f61b678e2fe8a7591d93d854795bc047fc3a189f
  Reinstate: 92c38cf37ae9eae3e2a47c0224bddb432f9638f1
  Sourcery: ac71ac4d490f62fd381a9f3b558f3093d91bddd5
  SwiftGen: 4379bd3640b0a212a0f6ea3c494adba385513d10
  SwiftLint: e14651157288e9e01d6e1a71db7014fb5744a8ea

PODFILE CHECKSUM: 2ffc6495c9a14976a068866df29197215e3a52bd

COCOAPODS: 1.4.0
