// !$*UTF8*$!
{
	archiveVersion = 1;
	classes = {
	};
	objectVersion = 48;
	objects = {

/* Begin PBXBuildFile section */
		2D7F8A7F2059655500D3E69D /* AppDelegate.swift in Sources */ = {isa = PBXBuildFile; fileRef = 2D7F8A7E2059655500D3E69D /* AppDelegate.swift */; };
		2D7F8A812059655500D3E69D /* Assets.xcassets in Resources */ = {isa = PBXBuildFile; fileRef = 2D7F8A802059655500D3E69D /* Assets.xcassets */; };
		2D7F8A842059655500D3E69D /* LaunchScreen.storyboard in Resources */ = {isa = PBXBuildFile; fileRef = 2D7F8A822059655500D3E69D /* LaunchScreen.storyboard */; };
		2D7F8A8F20598FCB00D3E69D /* RootViewController.swift in Sources */ = {isa = PBXBuildFile; fileRef = 2D7F8A8E20598FCB00D3E69D /* RootViewController.swift */; };
		2DE9CE82206428AC001AD739 /* Rule.swift in Sources */ = {isa = PBXBuildFile; fileRef = 2DE9CE81206428AC001AD739 /* Rule.swift */; };
		2DE9CE8820642B37001AD739 /* Category.swift in Sources */ = {isa = PBXBuildFile; fileRef = 2DE9CE8720642B37001AD739 /* Category.swift */; };
		F023D5C82D2DAA0F6B66AC5A /* Pods_SettleUp.framework in Frameworks */ = {isa = PBXBuildFile; fileRef = C91F3BBB9D2009654C5F3FD9 /* Pods_SettleUp.framework */; };
/* End PBXBuildFile section */

/* Begin PBXFileReference section */
		2D7F8A7B2059655500D3E69D /* SettleUp.app */ = {isa = PBXFileReference; explicitFileType = wrapper.application; includeInIndex = 0; path = SettleUp.app; sourceTree = BUILT_PRODUCTS_DIR; };
		2D7F8A7E2059655500D3E69D /* AppDelegate.swift */ = {isa = PBXFileReference; lastKnownFileType = sourcecode.swift; path = AppDelegate.swift; sourceTree = "<group>"; };
		2D7F8A802059655500D3E69D /* Assets.xcassets */ = {isa = PBXFileReference; lastKnownFileType = folder.assetcatalog; path = Assets.xcassets; sourceTree = "<group>"; };
		2D7F8A832059655500D3E69D /* Base */ = {isa = PBXFileReference; lastKnownFileType = file.storyboard; name = Base; path = Base.lproj/LaunchScreen.storyboard; sourceTree = "<group>"; };
		2D7F8A852059655500D3E69D /* Info.plist */ = {isa = PBXFileReference; lastKnownFileType = text.plist.xml; path = Info.plist; sourceTree = "<group>"; };
		2D7F8A8E20598FCB00D3E69D /* RootViewController.swift */ = {isa = PBXFileReference; lastKnownFileType = sourcecode.swift; path = RootViewController.swift; sourceTree = "<group>"; };
		2DE9CE81206428AC001AD739 /* Rule.swift */ = {isa = PBXFileReference; lastKnownFileType = sourcecode.swift; path = Rule.swift; sourceTree = "<group>"; };
		2DE9CE8720642B37001AD739 /* Category.swift */ = {isa = PBXFileReference; lastKnownFileType = sourcecode.swift; path = Category.swift; sourceTree = "<group>"; };
		AD12B6A1F52EF5EA0A69E9B6 /* Pods-SettleUp.release.xcconfig */ = {isa = PBXFileReference; includeInIndex = 1; lastKnownFileType = text.xcconfig; name = "Pods-SettleUp.release.xcconfig"; path = "Pods/Target Support Files/Pods-SettleUp/Pods-SettleUp.release.xcconfig"; sourceTree = "<group>"; };
		C91F3BBB9D2009654C5F3FD9 /* Pods_SettleUp.framework */ = {isa = PBXFileReference; explicitFileType = wrapper.framework; includeInIndex = 0; path = Pods_SettleUp.framework; sourceTree = BUILT_PRODUCTS_DIR; };
		FEE45F6DAAA122AD6A6D5860 /* Pods-SettleUp.debug.xcconfig */ = {isa = PBXFileReference; includeInIndex = 1; lastKnownFileType = text.xcconfig; name = "Pods-SettleUp.debug.xcconfig"; path = "Pods/Target Support Files/Pods-SettleUp/Pods-SettleUp.debug.xcconfig"; sourceTree = "<group>"; };
/* End PBXFileReference section */

/* Begin PBXFrameworksBuildPhase section */
		2D7F8A782059655500D3E69D /* Frameworks */ = {
			isa = PBXFrameworksBuildPhase;
			buildActionMask = 2147483647;
			files = (
				F023D5C82D2DAA0F6B66AC5A /* Pods_SettleUp.framework in Frameworks */,
			);
			runOnlyForDeploymentPostprocessing = 0;
		};
/* End PBXFrameworksBuildPhase section */

/* Begin PBXGroup section */
		13942127BD73C8C0B02BEA90 /* Pods */ = {
			isa = PBXGroup;
			children = (
				FEE45F6DAAA122AD6A6D5860 /* Pods-SettleUp.debug.xcconfig */,
				AD12B6A1F52EF5EA0A69E9B6 /* Pods-SettleUp.release.xcconfig */,
			);
			name = Pods;
			sourceTree = "<group>";
		};
		2D7F8A722059655500D3E69D = {
			isa = PBXGroup;
			children = (
				2D7F8A7D2059655500D3E69D /* SettleUp */,
				2D7F8A7C2059655500D3E69D /* Products */,
				13942127BD73C8C0B02BEA90 /* Pods */,
				CD67E1734DA766CB14A94EE4 /* Frameworks */,
			);
			sourceTree = "<group>";
		};
		2D7F8A7C2059655500D3E69D /* Products */ = {
			isa = PBXGroup;
			children = (
				2D7F8A7B2059655500D3E69D /* SettleUp.app */,
			);
			name = Products;
			sourceTree = "<group>";
		};
		2D7F8A7D2059655500D3E69D /* SettleUp */ = {
			isa = PBXGroup;
			children = (
				2D7F8A8B20598F5400D3E69D /* App */,
				2DE9CE802064289D001AD739 /* Model */,
				2D7F8A8C20598F5900D3E69D /* Resources */,
				2D7F8A8D20598F9600D3E69D /* Screens */,
			);
			path = SettleUp;
			sourceTree = "<group>";
		};
		2D7F8A8B20598F5400D3E69D /* App */ = {
			isa = PBXGroup;
			children = (
				2D7F8A7E2059655500D3E69D /* AppDelegate.swift */,
				2D7F8A852059655500D3E69D /* Info.plist */,
			);
			path = App;
			sourceTree = "<group>";
		};
		2D7F8A8C20598F5900D3E69D /* Resources */ = {
			isa = PBXGroup;
			children = (
				2D7F8A802059655500D3E69D /* Assets.xcassets */,
				2D7F8A822059655500D3E69D /* LaunchScreen.storyboard */,
			);
			path = Resources;
			sourceTree = "<group>";
		};
		2D7F8A8D20598F9600D3E69D /* Screens */ = {
			isa = PBXGroup;
			children = (
				2D7F8A8E20598FCB00D3E69D /* RootViewController.swift */,
			);
			path = Screens;
			sourceTree = "<group>";
		};
		2DE9CE802064289D001AD739 /* Model */ = {
			isa = PBXGroup;
			children = (
				2DE9CE81206428AC001AD739 /* Rule.swift */,
				2DE9CE8720642B37001AD739 /* Category.swift */,
			);
			path = Model;
			sourceTree = "<group>";
		};
		CD67E1734DA766CB14A94EE4 /* Frameworks */ = {
			isa = PBXGroup;
			children = (
				C91F3BBB9D2009654C5F3FD9 /* Pods_SettleUp.framework */,
			);
			name = Frameworks;
			sourceTree = "<group>";
		};
/* End PBXGroup section */

/* Begin PBXNativeTarget section */
		2D7F8A7A2059655500D3E69D /* SettleUp */ = {
			isa = PBXNativeTarget;
			buildConfigurationList = 2D7F8A882059655500D3E69D /* Build configuration list for PBXNativeTarget "SettleUp" */;
			buildPhases = (
				198BD539E0785EC733F905E3 /* [CP] Check Pods Manifest.lock */,
				2D7F8A902059960600D3E69D /* SwiftLint */,
				2D7F8A772059655500D3E69D /* Sources */,
				2D7F8A782059655500D3E69D /* Frameworks */,
				2D7F8A792059655500D3E69D /* Resources */,
				070C7B90B0DA662EA7C3C1DC /* [CP] Embed Pods Frameworks */,
				792B68DD1F2B0DAFE203A8E4 /* [CP] Copy Pods Resources */,
			);
			buildRules = (
			);
			dependencies = (
			);
			name = SettleUp;
			productName = SettleUp;
			productReference = 2D7F8A7B2059655500D3E69D /* SettleUp.app */;
			productType = "com.apple.product-type.application";
		};
/* End PBXNativeTarget section */

/* Begin PBXProject section */
		2D7F8A732059655500D3E69D /* Project object */ = {
			isa = PBXProject;
			attributes = {
				LastSwiftUpdateCheck = 0920;
				LastUpgradeCheck = 0920;
				ORGANIZATIONNAME = "Connor Neville";
				TargetAttributes = {
					2D7F8A7A2059655500D3E69D = {
						CreatedOnToolsVersion = 9.2;
						ProvisioningStyle = Automatic;
					};
				};
			};
			buildConfigurationList = 2D7F8A762059655500D3E69D /* Build configuration list for PBXProject "SettleUp" */;
			compatibilityVersion = "Xcode 8.0";
			developmentRegion = en;
			hasScannedForEncodings = 0;
			knownRegions = (
				en,
				Base,
			);
			mainGroup = 2D7F8A722059655500D3E69D;
			productRefGroup = 2D7F8A7C2059655500D3E69D /* Products */;
			projectDirPath = "";
			projectRoot = "";
			targets = (
				2D7F8A7A2059655500D3E69D /* SettleUp */,
			);
		};
/* End PBXProject section */

/* Begin PBXResourcesBuildPhase section */
		2D7F8A792059655500D3E69D /* Resources */ = {
			isa = PBXResourcesBuildPhase;
			buildActionMask = 2147483647;
			files = (
				2D7F8A812059655500D3E69D /* Assets.xcassets in Resources */,
				2D7F8A842059655500D3E69D /* LaunchScreen.storyboard in Resources */,
			);
			runOnlyForDeploymentPostprocessing = 0;
		};
/* End PBXResourcesBuildPhase section */

/* Begin PBXShellScriptBuildPhase section */
		070C7B90B0DA662EA7C3C1DC /* [CP] Embed Pods Frameworks */ = {
			isa = PBXShellScriptBuildPhase;
			buildActionMask = 2147483647;
			files = (
			);
			inputPaths = (
				"${SRCROOT}/Pods/Target Support Files/Pods-SettleUp/Pods-SettleUp-frameworks.sh",
				"${BUILT_PRODUCTS_DIR}/Anchorage/Anchorage.framework",
				"${BUILT_PRODUCTS_DIR}/BonMot/BonMot.framework",
			);
			name = "[CP] Embed Pods Frameworks";
			outputPaths = (
				"${TARGET_BUILD_DIR}/${FRAMEWORKS_FOLDER_PATH}/Anchorage.framework",
				"${TARGET_BUILD_DIR}/${FRAMEWORKS_FOLDER_PATH}/BonMot.framework",
			);
			runOnlyForDeploymentPostprocessing = 0;
			shellPath = /bin/sh;
			shellScript = "\"${SRCROOT}/Pods/Target Support Files/Pods-SettleUp/Pods-SettleUp-frameworks.sh\"\n";
			showEnvVarsInLog = 0;
		};
		198BD539E0785EC733F905E3 /* [CP] Check Pods Manifest.lock */ = {
			isa = PBXShellScriptBuildPhase;
			buildActionMask = 2147483647;
			files = (
			);
			inputPaths = (
				"${PODS_PODFILE_DIR_PATH}/Podfile.lock",
				"${PODS_ROOT}/Manifest.lock",
			);
			name = "[CP] Check Pods Manifest.lock";
			outputPaths = (
				"$(DERIVED_FILE_DIR)/Pods-SettleUp-checkManifestLockResult.txt",
			);
			runOnlyForDeploymentPostprocessing = 0;
			shellPath = /bin/sh;
			shellScript = "diff \"${PODS_PODFILE_DIR_PATH}/Podfile.lock\" \"${PODS_ROOT}/Manifest.lock\" > /dev/null\nif [ $? != 0 ] ; then\n    # print error to STDERR\n    echo \"error: The sandbox is not in sync with the Podfile.lock. Run 'pod install' or update your CocoaPods installation.\" >&2\n    exit 1\nfi\n# This output is used by Xcode 'outputs' to avoid re-running this script phase.\necho \"SUCCESS\" > \"${SCRIPT_OUTPUT_FILE_0}\"\n";
			showEnvVarsInLog = 0;
		};
		2D7F8A902059960600D3E69D /* SwiftLint */ = {
			isa = PBXShellScriptBuildPhase;
			buildActionMask = 2147483647;
			files = (
			);
			inputPaths = (
			);
			name = SwiftLint;
			outputPaths = (
			);
			runOnlyForDeploymentPostprocessing = 0;
			shellPath = /bin/sh;
			shellScript = "\"${PODS_ROOT}/SwiftLint/swiftlint\"";
		};
		792B68DD1F2B0DAFE203A8E4 /* [CP] Copy Pods Resources */ = {
			isa = PBXShellScriptBuildPhase;
			buildActionMask = 2147483647;
			files = (
			);
			inputPaths = (
			);
			name = "[CP] Copy Pods Resources";
			outputPaths = (
			);
			runOnlyForDeploymentPostprocessing = 0;
			shellPath = /bin/sh;
			shellScript = "\"${SRCROOT}/Pods/Target Support Files/Pods-SettleUp/Pods-SettleUp-resources.sh\"\n";
			showEnvVarsInLog = 0;
		};
/* End PBXShellScriptBuildPhase section */

/* Begin PBXSourcesBuildPhase section */
		2D7F8A772059655500D3E69D /* Sources */ = {
			isa = PBXSourcesBuildPhase;
			buildActionMask = 2147483647;
			files = (
				2DE9CE82206428AC001AD739 /* Rule.swift in Sources */,
				2D7F8A8F20598FCB00D3E69D /* RootViewController.swift in Sources */,
				2D7F8A7F2059655500D3E69D /* AppDelegate.swift in Sources */,
				2DE9CE8820642B37001AD739 /* Category.swift in Sources */,
			);
			runOnlyForDeploymentPostprocessing = 0;
		};
/* End PBXSourcesBuildPhase section */

/* Begin PBXVariantGroup section */
		2D7F8A822059655500D3E69D /* LaunchScreen.storyboard */ = {
			isa = PBXVariantGroup;
			children = (
				2D7F8A832059655500D3E69D /* Base */,
			);
			name = LaunchScreen.storyboard;
			sourceTree = "<group>";
		};
/* End PBXVariantGroup section */

/* Begin XCBuildConfiguration section */
		2D7F8A862059655500D3E69D /* Debug */ = {
			isa = XCBuildConfiguration;
			buildSettings = {
				ALWAYS_SEARCH_USER_PATHS = NO;
				CLANG_ANALYZER_NONNULL = YES;
				CLANG_ANALYZER_NUMBER_OBJECT_CONVERSION = YES_AGGRESSIVE;
				CLANG_CXX_LANGUAGE_STANDARD = "gnu++14";
				CLANG_CXX_LIBRARY = "libc++";
				CLANG_ENABLE_MODULES = YES;
				CLANG_ENABLE_OBJC_ARC = YES;
				CLANG_WARN_BLOCK_CAPTURE_AUTORELEASING = YES;
				CLANG_WARN_BOOL_CONVERSION = YES;
				CLANG_WARN_COMMA = YES;
				CLANG_WARN_CONSTANT_CONVERSION = YES;
				CLANG_WARN_DIRECT_OBJC_ISA_USAGE = YES_ERROR;
				CLANG_WARN_DOCUMENTATION_COMMENTS = YES;
				CLANG_WARN_EMPTY_BODY = YES;
				CLANG_WARN_ENUM_CONVERSION = YES;
				CLANG_WARN_INFINITE_RECURSION = YES;
				CLANG_WARN_INT_CONVERSION = YES;
				CLANG_WARN_NON_LITERAL_NULL_CONVERSION = YES;
				CLANG_WARN_OBJC_LITERAL_CONVERSION = YES;
				CLANG_WARN_OBJC_ROOT_CLASS = YES_ERROR;
				CLANG_WARN_RANGE_LOOP_ANALYSIS = YES;
				CLANG_WARN_STRICT_PROTOTYPES = YES;
				CLANG_WARN_SUSPICIOUS_MOVE = YES;
				CLANG_WARN_UNGUARDED_AVAILABILITY = YES_AGGRESSIVE;
				CLANG_WARN_UNREACHABLE_CODE = YES;
				CLANG_WARN__DUPLICATE_METHOD_MATCH = YES;
				CODE_SIGN_IDENTITY = "iPhone Developer";
				COPY_PHASE_STRIP = NO;
				DEBUG_INFORMATION_FORMAT = dwarf;
				ENABLE_STRICT_OBJC_MSGSEND = YES;
				ENABLE_TESTABILITY = YES;
				GCC_C_LANGUAGE_STANDARD = gnu11;
				GCC_DYNAMIC_NO_PIC = NO;
				GCC_NO_COMMON_BLOCKS = YES;
				GCC_OPTIMIZATION_LEVEL = 0;
				GCC_PREPROCESSOR_DEFINITIONS = (
					"DEBUG=1",
					"$(inherited)",
				);
				GCC_WARN_64_TO_32_BIT_CONVERSION = YES;
				GCC_WARN_ABOUT_RETURN_TYPE = YES_ERROR;
				GCC_WARN_UNDECLARED_SELECTOR = YES;
				GCC_WARN_UNINITIALIZED_AUTOS = YES_AGGRESSIVE;
				GCC_WARN_UNUSED_FUNCTION = YES;
				GCC_WARN_UNUSED_VARIABLE = YES;
				IPHONEOS_DEPLOYMENT_TARGET = 11.2;
				MTL_ENABLE_DEBUG_INFO = YES;
				ONLY_ACTIVE_ARCH = YES;
				SDKROOT = iphoneos;
				SWIFT_ACTIVE_COMPILATION_CONDITIONS = DEBUG;
				SWIFT_OPTIMIZATION_LEVEL = "-Onone";
			};
			name = Debug;
		};
		2D7F8A872059655500D3E69D /* Release */ = {
			isa = XCBuildConfiguration;
			buildSettings = {
				ALWAYS_SEARCH_USER_PATHS = NO;
				CLANG_ANALYZER_NONNULL = YES;
				CLANG_ANALYZER_NUMBER_OBJECT_CONVERSION = YES_AGGRESSIVE;
				CLANG_CXX_LANGUAGE_STANDARD = "gnu++14";
				CLANG_CXX_LIBRARY = "libc++";
				CLANG_ENABLE_MODULES = YES;
				CLANG_ENABLE_OBJC_ARC = YES;
				CLANG_WARN_BLOCK_CAPTURE_AUTORELEASING = YES;
				CLANG_WARN_BOOL_CONVERSION = YES;
				CLANG_WARN_COMMA = YES;
				CLANG_WARN_CONSTANT_CONVERSION = YES;
				CLANG_WARN_DIRECT_OBJC_ISA_USAGE = YES_ERROR;
				CLANG_WARN_DOCUMENTATION_COMMENTS = YES;
				CLANG_WARN_EMPTY_BODY = YES;
				CLANG_WARN_ENUM_CONVERSION = YES;
				CLANG_WARN_INFINITE_RECURSION = YES;
				CLANG_WARN_INT_CONVERSION = YES;
				CLANG_WARN_NON_LITERAL_NULL_CONVERSION = YES;
				CLANG_WARN_OBJC_LITERAL_CONVERSION = YES;
				CLANG_WARN_OBJC_ROOT_CLASS = YES_ERROR;
				CLANG_WARN_RANGE_LOOP_ANALYSIS = YES;
				CLANG_WARN_STRICT_PROTOTYPES = YES;
				CLANG_WARN_SUSPICIOUS_MOVE = YES;
				CLANG_WARN_UNGUARDED_AVAILABILITY = YES_AGGRESSIVE;
				CLANG_WARN_UNREACHABLE_CODE = YES;
				CLANG_WARN__DUPLICATE_METHOD_MATCH = YES;
				CODE_SIGN_IDENTITY = "iPhone Developer";
				COPY_PHASE_STRIP = NO;
				DEBUG_INFORMATION_FORMAT = "dwarf-with-dsym";
				ENABLE_NS_ASSERTIONS = NO;
				ENABLE_STRICT_OBJC_MSGSEND = YES;
				GCC_C_LANGUAGE_STANDARD = gnu11;
				GCC_NO_COMMON_BLOCKS = YES;
				GCC_WARN_64_TO_32_BIT_CONVERSION = YES;
				GCC_WARN_ABOUT_RETURN_TYPE = YES_ERROR;
				GCC_WARN_UNDECLARED_SELECTOR = YES;
				GCC_WARN_UNINITIALIZED_AUTOS = YES_AGGRESSIVE;
				GCC_WARN_UNUSED_FUNCTION = YES;
				GCC_WARN_UNUSED_VARIABLE = YES;
				IPHONEOS_DEPLOYMENT_TARGET = 11.2;
				MTL_ENABLE_DEBUG_INFO = NO;
				SDKROOT = iphoneos;
				SWIFT_OPTIMIZATION_LEVEL = "-Owholemodule";
				VALIDATE_PRODUCT = YES;
			};
			name = Release;
		};
		2D7F8A892059655500D3E69D /* Debug */ = {
			isa = XCBuildConfiguration;
			baseConfigurationReference = FEE45F6DAAA122AD6A6D5860 /* Pods-SettleUp.debug.xcconfig */;
			buildSettings = {
				ASSETCATALOG_COMPILER_APPICON_NAME = AppIcon;
				CODE_SIGN_STYLE = Automatic;
				DEVELOPMENT_TEAM = PKTCFGJH9K;
				INFOPLIST_FILE = "$(SRCROOT)/SettleUp/App/Info.plist";
				LD_RUNPATH_SEARCH_PATHS = "$(inherited) @executable_path/Frameworks";
				PRODUCT_BUNDLE_IDENTIFIER = me.connorneville.SettleUp;
				PRODUCT_NAME = "$(TARGET_NAME)";
				SWIFT_VERSION = 4.0;
				TARGETED_DEVICE_FAMILY = "1,2";
			};
			name = Debug;
		};
		2D7F8A8A2059655500D3E69D /* Release */ = {
			isa = XCBuildConfiguration;
			baseConfigurationReference = AD12B6A1F52EF5EA0A69E9B6 /* Pods-SettleUp.release.xcconfig */;
			buildSettings = {
				ASSETCATALOG_COMPILER_APPICON_NAME = AppIcon;
				CODE_SIGN_STYLE = Automatic;
				DEVELOPMENT_TEAM = PKTCFGJH9K;
				INFOPLIST_FILE = "$(SRCROOT)/SettleUp/App/Info.plist";
				LD_RUNPATH_SEARCH_PATHS = "$(inherited) @executable_path/Frameworks";
				PRODUCT_BUNDLE_IDENTIFIER = me.connorneville.SettleUp;
				PRODUCT_NAME = "$(TARGET_NAME)";
				SWIFT_VERSION = 4.0;
				TARGETED_DEVICE_FAMILY = "1,2";
			};
			name = Release;
		};
/* End XCBuildConfiguration section */

/* Begin XCConfigurationList section */
		2D7F8A762059655500D3E69D /* Build configuration list for PBXProject "SettleUp" */ = {
			isa = XCConfigurationList;
			buildConfigurations = (
				2D7F8A862059655500D3E69D /* Debug */,
				2D7F8A872059655500D3E69D /* Release */,
			);
			defaultConfigurationIsVisible = 0;
			defaultConfigurationName = Release;
		};
		2D7F8A882059655500D3E69D /* Build configuration list for PBXNativeTarget "SettleUp" */ = {
			isa = XCConfigurationList;
			buildConfigurations = (
				2D7F8A892059655500D3E69D /* Debug */,
				2D7F8A8A2059655500D3E69D /* Release */,
			);
			defaultConfigurationIsVisible = 0;
			defaultConfigurationName = Release;
		};
/* End XCConfigurationList section */
	};
	rootObject = 2D7F8A732059655500D3E69D /* Project object */;
}
